// !$*UTF8*$!
{
	archiveVersion = 1;
	classes = {
	};
	objectVersion = 46;
	objects = {

/* Begin PBXBuildFile section */
		99158AAB1D1520230090DA88 /* AppDelegate.swift in Sources */ = {isa = PBXBuildFile; fileRef = 99158AAA1D1520230090DA88 /* AppDelegate.swift */; };
		99158AAD1D1520230090DA88 /* ViewController.swift in Sources */ = {isa = PBXBuildFile; fileRef = 99158AAC1D1520230090DA88 /* ViewController.swift */; };
		99158AB01D1520230090DA88 /* Main.storyboard in Resources */ = {isa = PBXBuildFile; fileRef = 99158AAE1D1520230090DA88 /* Main.storyboard */; };
		99158AB21D1520230090DA88 /* Assets.xcassets in Resources */ = {isa = PBXBuildFile; fileRef = 99158AB11D1520230090DA88 /* Assets.xcassets */; };
		99158AB51D1520230090DA88 /* LaunchScreen.storyboard in Resources */ = {isa = PBXBuildFile; fileRef = 99158AB31D1520230090DA88 /* LaunchScreen.storyboard */; };
		99158ABD1D1520650090DA88 /* VRView.swift in Sources */ = {isa = PBXBuildFile; fileRef = 99158ABC1D1520650090DA88 /* VRView.swift */; };
		994C5CBE1D2B5086007CB43C /* img.jpg in Resources */ = {isa = PBXBuildFile; fileRef = 994C5CBD1D2B5086007CB43C /* img.jpg */; };
		99F3A9051D2CBA3300ECDA78 /* img360.jpg in Resources */ = {isa = PBXBuildFile; fileRef = 99F3A9041D2CBA3300ECDA78 /* img360.jpg */; };
/* End PBXBuildFile section */

/* Begin PBXFileReference section */
		99158AA71D1520230090DA88 /* VRKit.app */ = {isa = PBXFileReference; explicitFileType = wrapper.application; includeInIndex = 0; path = VRKit.app; sourceTree = BUILT_PRODUCTS_DIR; };
		99158AAA1D1520230090DA88 /* AppDelegate.swift */ = {isa = PBXFileReference; lastKnownFileType = sourcecode.swift; path = AppDelegate.swift; sourceTree = "<group>"; };
		99158AAC1D1520230090DA88 /* ViewController.swift */ = {isa = PBXFileReference; lastKnownFileType = sourcecode.swift; path = ViewController.swift; sourceTree = "<group>"; };
		99158AAF1D1520230090DA88 /* Base */ = {isa = PBXFileReference; lastKnownFileType = file.storyboard; name = Base; path = Base.lproj/Main.storyboard; sourceTree = "<group>"; };
		99158AB11D1520230090DA88 /* Assets.xcassets */ = {isa = PBXFileReference; lastKnownFileType = folder.assetcatalog; path = Assets.xcassets; sourceTree = "<group>"; };
		99158AB41D1520230090DA88 /* Base */ = {isa = PBXFileReference; lastKnownFileType = file.storyboard; name = Base; path = Base.lproj/LaunchScreen.storyboard; sourceTree = "<group>"; };
		99158AB61D1520230090DA88 /* Info.plist */ = {isa = PBXFileReference; lastKnownFileType = text.plist.xml; path = Info.plist; sourceTree = "<group>"; };
		99158ABC1D1520650090DA88 /* VRView.swift */ = {isa = PBXFileReference; fileEncoding = 4; lastKnownFileType = sourcecode.swift; path = VRView.swift; sourceTree = "<group>"; };
		994C5CBD1D2B5086007CB43C /* img.jpg */ = {isa = PBXFileReference; lastKnownFileType = image.jpeg; path = img.jpg; sourceTree = "<group>"; };
		99F3A9041D2CBA3300ECDA78 /* img360.jpg */ = {isa = PBXFileReference; lastKnownFileType = image.jpeg; path = img360.jpg; sourceTree = "<group>"; };
/* End PBXFileReference section */

/* Begin PBXFrameworksBuildPhase section */
		99158AA41D1520220090DA88 /* Frameworks */ = {
			isa = PBXFrameworksBuildPhase;
			buildActionMask = 2147483647;
			files = (
			);
			runOnlyForDeploymentPostprocessing = 0;
		};
/* End PBXFrameworksBuildPhase section */

/* Begin PBXGroup section */
		99158A9E1D1520220090DA88 = {
			isa = PBXGroup;
			children = (
				99158AA91D1520230090DA88 /* VRKit */,
				99158AA81D1520230090DA88 /* Products */,
			);
			sourceTree = "<group>";
		};
		99158AA81D1520230090DA88 /* Products */ = {
			isa = PBXGroup;
			children = (
				99158AA71D1520230090DA88 /* VRKit.app */,
			);
			name = Products;
			sourceTree = "<group>";
		};
		99158AA91D1520230090DA88 /* VRKit */ = {
			isa = PBXGroup;
			children = (
				99158AAA1D1520230090DA88 /* AppDelegate.swift */,
				99158AAC1D1520230090DA88 /* ViewController.swift */,
				99158ABC1D1520650090DA88 /* VRView.swift */,
				994C5CBD1D2B5086007CB43C /* img.jpg */,
				99F3A9041D2CBA3300ECDA78 /* img360.jpg */,
				99158AAE1D1520230090DA88 /* Main.storyboard */,
				99158AB11D1520230090DA88 /* Assets.xcassets */,
				99158AB31D1520230090DA88 /* LaunchScreen.storyboard */,
				99158AB61D1520230090DA88 /* Info.plist */,
			);
			path = VRKit;
			sourceTree = "<group>";
		};
/* End PBXGroup section */

/* Begin PBXNativeTarget section */
		99158AA61D1520220090DA88 /* VRKit */ = {
			isa = PBXNativeTarget;
			buildConfigurationList = 99158AB91D1520230090DA88 /* Build configuration list for PBXNativeTarget "VRKit" */;
			buildPhases = (
				99158AA31D1520220090DA88 /* Sources */,
				99158AA41D1520220090DA88 /* Frameworks */,
				99158AA51D1520220090DA88 /* Resources */,
			);
			buildRules = (
			);
			dependencies = (
			);
			name = VRKit;
			productName = VRKit;
			productReference = 99158AA71D1520230090DA88 /* VRKit.app */;
			productType = "com.apple.product-type.application";
		};
/* End PBXNativeTarget section */

/* Begin PBXProject section */
		99158A9F1D1520220090DA88 /* Project object */ = {
			isa = PBXProject;
			attributes = {
				LastSwiftUpdateCheck = 0730;
				LastUpgradeCheck = 0730;
				ORGANIZATIONNAME = "Gianluca Rago";
				TargetAttributes = {
					99158AA61D1520220090DA88 = {
						CreatedOnToolsVersion = 7.3.1;
					};
				};
			};
			buildConfigurationList = 99158AA21D1520220090DA88 /* Build configuration list for PBXProject "VRKit" */;
			compatibilityVersion = "Xcode 3.2";
			developmentRegion = English;
			hasScannedForEncodings = 0;
			knownRegions = (
				en,
				Base,
			);
			mainGroup = 99158A9E1D1520220090DA88;
			productRefGroup = 99158AA81D1520230090DA88 /* Products */;
			projectDirPath = "";
			projectRoot = "";
			targets = (
				99158AA61D1520220090DA88 /* VRKit */,
			);
		};
/* End PBXProject section */

/* Begin PBXResourcesBuildPhase section */
		99158AA51D1520220090DA88 /* Resources */ = {
			isa = PBXResourcesBuildPhase;
			buildActionMask = 2147483647;
			files = (
				99158AB51D1520230090DA88 /* LaunchScreen.storyboard in Resources */,
				99F3A9051D2CBA3300ECDA78 /* img360.jpg in Resources */,
				99158AB21D1520230090DA88 /* Assets.xcassets in Resources */,
				99158AB01D1520230090DA88 /* Main.storyboard in Resources */,
				994C5CBE1D2B5086007CB43C /* img.jpg in Resources */,
			);
			runOnlyForDeploymentPostprocessing = 0;
		};
/* End PBXResourcesBuildPhase section */

/* Begin PBXSourcesBuildPhase section */
		99158AA31D1520220090DA88 /* Sources */ = {
			isa = PBXSourcesBuildPhase;
			buildActionMask = 2147483647;
			files = (
				99158ABD1D1520650090DA88 /* VRView.swift in Sources */,
				99158AAD1D1520230090DA88 /* ViewController.swift in Sources */,
				99158AAB1D1520230090DA88 /* AppDelegate.swift in Sources */,
			);
			runOnlyForDeploymentPostprocessing = 0;
		};
/* End PBXSourcesBuildPhase section */

/* Begin PBXVariantGroup section */
		99158AAE1D1520230090DA88 /* Main.storyboard */ = {
			isa = PBXVariantGroup;
			children = (
				99158AAF1D1520230090DA88 /* Base */,
			);
			name = Main.storyboard;
			sourceTree = "<group>";
		};
		99158AB31D1520230090DA88 /* LaunchScreen.storyboard */ = {
			isa = PBXVariantGroup;
			children = (
				99158AB41D1520230090DA88 /* Base */,
			);
			name = LaunchScreen.storyboard;
			sourceTree = "<group>";
		};
/* End PBXVariantGroup section */

/* Begin XCBuildConfiguration section */
		99158AB71D1520230090DA88 /* Debug */ = {
			isa = XCBuildConfiguration;
			buildSettings = {
				ALWAYS_SEARCH_USER_PATHS = NO;
				CLANG_ANALYZER_NONNULL = YES;
				CLANG_CXX_LANGUAGE_STANDARD = "gnu++0x";
				CLANG_CXX_LIBRARY = "libc++";
				CLANG_ENABLE_MODULES = YES;
				CLANG_ENABLE_OBJC_ARC = YES;
				CLANG_WARN_BOOL_CONVERSION = YES;
				CLANG_WARN_CONSTANT_CONVERSION = YES;
				CLANG_WARN_DIRECT_OBJC_ISA_USAGE = YES_ERROR;
				CLANG_WARN_EMPTY_BODY = YES;
				CLANG_WARN_ENUM_CONVERSION = YES;
				CLANG_WARN_INT_CONVERSION = YES;
				CLANG_WARN_OBJC_ROOT_CLASS = YES_ERROR;
				CLANG_WARN_UNREACHABLE_CODE = YES;
				CLANG_WARN__DUPLICATE_METHOD_MATCH = YES;
				"CODE_SIGN_IDENTITY[sdk=iphoneos*]" = "iPhone Developer";
				COPY_PHASE_STRIP = NO;
				DEBUG_INFORMATION_FORMAT = dwarf;
				ENABLE_STRICT_OBJC_MSGSEND = YES;
				ENABLE_TESTABILITY = YES;
				GCC_C_LANGUAGE_STANDARD = gnu99;
				GCC_DYNAMIC_NO_PIC = NO;
				GCC_NO_COMMON_BLOCKS = YES;
				GCC_OPTIMIZATION_LEVEL = 0;
				GCC_PREPROCESSOR_DEFINITIONS = (
					"DEBUG=1",
					"$(inherited)",
				);
				GCC_WARN_64_TO_32_BIT_CONVERSION = YES;
				GCC_WARN_ABOUT_RETURN_TYPE = YES_ERROR;
				GCC_WARN_UNDECLARED_SELECTOR = YES;
				GCC_WARN_UNINITIALIZED_AUTOS = YES_AGGRESSIVE;
				GCC_WARN_UNUSED_FUNCTION = YES;
				GCC_WARN_UNUSED_VARIABLE = YES;
				IPHONEOS_DEPLOYMENT_TARGET = 9.3;
				MTL_ENABLE_DEBUG_INFO = YES;
				ONLY_ACTIVE_ARCH = YES;
				SDKROOT = iphoneos;
				SWIFT_OPTIMIZATION_LEVEL = "-Onone";
				TARGETED_DEVICE_FAMILY = "1,2";
			};
			name = Debug;
		};
		99158AB81D1520230090DA88 /* Release */ = {
			isa = XCBuildConfiguration;
			buildSettings = {
				ALWAYS_SEARCH_USER_PATHS = NO;
				CLANG_ANALYZER_NONNULL = YES;
				CLANG_CXX_LANGUAGE_STANDARD = "gnu++0x";
				CLANG_CXX_LIBRARY = "libc++";
				CLANG_ENABLE_MODULES = YES;
				CLANG_ENABLE_OBJC_ARC = YES;
				CLANG_WARN_BOOL_CONVERSION = YES;
				CLANG_WARN_CONSTANT_CONVERSION = YES;
				CLANG_WARN_DIRECT_OBJC_ISA_USAGE = YES_ERROR;
				CLANG_WARN_EMPTY_BODY = YES;
				CLANG_WARN_ENUM_CONVERSION = YES;
				CLANG_WARN_INT_CONVERSION = YES;
				CLANG_WARN_OBJC_ROOT_CLASS = YES_ERROR;
				CLANG_WARN_UNREACHABLE_CODE = YES;
				CLANG_WARN__DUPLICATE_METHOD_MATCH = YES;
				"CODE_SIGN_IDENTITY[sdk=iphoneos*]" = "iPhone Developer";
				COPY_PHASE_STRIP = NO;
				DEBUG_INFORMATION_FORMAT = "dwarf-with-dsym";
				ENABLE_NS_ASSERTIONS = NO;
				ENABLE_STRICT_OBJC_MSGSEND = YES;
				GCC_C_LANGUAGE_STANDARD = gnu99;
				GCC_NO_COMMON_BLOCKS = YES;
				GCC_WARN_64_TO_32_BIT_CONVERSION = YES;
				GCC_WARN_ABOUT_RETURN_TYPE = YES_ERROR;
				GCC_WARN_UNDECLARED_SELECTOR = YES;
				GCC_WARN_UNINITIALIZED_AUTOS = YES_AGGRESSIVE;
				GCC_WARN_UNUSED_FUNCTION = YES;
				GCC_WARN_UNUSED_VARIABLE = YES;
				IPHONEOS_DEPLOYMENT_TARGET = 9.3;
				MTL_ENABLE_DEBUG_INFO = NO;
				SDKROOT = iphoneos;
				TARGETED_DEVICE_FAMILY = "1,2";
				VALIDATE_PRODUCT = YES;
			};
			name = Release;
		};
		99158ABA1D1520230090DA88 /* Debug */ = {
			isa = XCBuildConfiguration;
			buildSettings = {
				ASSETCATALOG_COMPILER_APPICON_NAME = AppIcon;
				INFOPLIST_FILE = VRKit/Info.plist;
				IPHONEOS_DEPLOYMENT_TARGET = 8.0;
				LD_RUNPATH_SEARCH_PATHS = "$(inherited) @executable_path/Frameworks";
				PRODUCT_BUNDLE_IDENTIFIER = "Gianluca-Rago.VRKit";
				PRODUCT_NAME = "$(TARGET_NAME)";
			};
			name = Debug;
		};
		99158ABB1D1520230090DA88 /* Release */ = {
			isa = XCBuildConfiguration;
			buildSettings = {
				ASSETCATALOG_COMPILER_APPICON_NAME = AppIcon;
				INFOPLIST_FILE = VRKit/Info.plist;
				IPHONEOS_DEPLOYMENT_TARGET = 8.0;
				LD_RUNPATH_SEARCH_PATHS = "$(inherited) @executable_path/Frameworks";
				PRODUCT_BUNDLE_IDENTIFIER = "Gianluca-Rago.VRKit";
				PRODUCT_NAME = "$(TARGET_NAME)";
			};
			name = Release;
		};
/* End XCBuildConfiguration section */

/* Begin XCConfigurationList section */
		99158AA21D1520220090DA88 /* Build configuration list for PBXProject "VRKit" */ = {
			isa = XCConfigurationList;
			buildConfigurations = (
				99158AB71D1520230090DA88 /* Debug */,
				99158AB81D1520230090DA88 /* Release */,
			);
			defaultConfigurationIsVisible = 0;
			defaultConfigurationName = Release;
		};
		99158AB91D1520230090DA88 /* Build configuration list for PBXNativeTarget "VRKit" */ = {
			isa = XCConfigurationList;
			buildConfigurations = (
				99158ABA1D1520230090DA88 /* Debug */,
				99158ABB1D1520230090DA88 /* Release */,
			);
			defaultConfigurationIsVisible = 0;
			defaultConfigurationName = Release;
		};
/* End XCConfigurationList section */
	};
	rootObject = 99158A9F1D1520220090DA88 /* Project object */;
}
